version = 1
revision = 1
requires-python = ">=3.10"

[[package]]
name = "pyturso"
version = "0.6.1"
source = { registry = "https://pypi.org/simple" }
dependencies = [
    { name = "typing-extensions" },
]
sdist = { url = "https://files.pythonhosted.org/packages/a8/67/49879858c34e5c861084c611807a56392a15fa0bc7a2c6c43dd88317a919/pyturso-0.6.1.tar.gz", hash = "sha256:f33b2faad0f38af5256fb54457a8cd14aa0c6c17c846e850d7f8e6c5c9d29044", size = 2388457 }
wheels = [
    { url = "https://files.pythonhosted.org/packages/32/86/903f06b4b47b795f8f720b5f7692e83a9158c1cbd2a80869e031cb4c2df8/pyturso-0.6.1-cp310-cp310-macosx_10_12_x86_64.whl", hash = "sha256:5bb0129dd02abb732eebc9154f09123bbb8350ea92b251c4788095bf5b64c789", size = 5902526 },
    { url = "https://files.pythonhosted.org/packages/6f/37/9ab192818cd0f45b8ac76af0a634c1b2261ee582a8723e98f50cc56bcf18/pyturso-0.6.1-cp310-cp310-macosx_11_0_arm64.whl", hash = "sha256:060b07a8c76d16943f65050e3be21c04538da0240c53564d423a030e828aa4c2", size = 5186457 },
    { url = "https://files.pythonhosted.org/packages/9d/b4/0f333d0299f876c10f0fc5a78418e082b5862c313845dd62202c4083df3e/pyturso-0.6.1-cp310-cp310-manylinux_2_17_aarch64.manylinux2014_aarch64.whl", hash = "sha256:caabf0cca238cfcb52e34ed753df968d9d5a1a619891b0d0193655919cec6910", size = 16216193 },
    { url = "https://files.pythonhosted.org/packages/fe/a6/538883d13fd7cecad7c6b604819cd19cfad1ecf8442b89acb900287f1c6f/pyturso-0.6.1-cp310-cp310-manylinux_2_17_x86_64.manylinux2014_x86_64.whl", hash = "sha256:fbdf84c72836cbfd64854d68003c25bdcd3991d0674c0d8b27149147a0d48f00", size = 16347253 },
    { url = "https://files.pythonhosted.org/packages/50/b5/dd656a985b6612d3bbe0ad56001bbe2d8848a6c731af3fbbb49b7f77a4d5/pyturso-0.6.1-cp311-cp311-macosx_10_12_x86_64.whl", hash = "sha256:253b45929aaf59969adf3dc2a94c6ff18cfce4eeba56361238ec7f78d9636c00", size = 5902322 },
    { url = "https://files.pythonhosted.org/packages/f3/af/3811975f7a36db8c59d061d6db1397a61ae7c3a79d49d64633eb9a2161e3/pyturso-0.6.1-cp311-cp311-macosx_11_0_arm64.whl", hash = "sha256:95aea3a9cb3e8630591229a5c8d98b4a6f43635dc2575e93ccbd3c99402a910f", size = 5186260 },
    { url = "https://files.pythonhosted.org/packages/9d/41/705e0f7a1bf9495021182afc267479a33b4d7ed2a84cb42007fe7dcf80e9/pyturso-0.6.1-cp311-cp311-manylinux_2_17_aarch64.manylinux2014_aarch64.whl", hash = "sha256:31506f07f06894408b1bd2b0a3d7ea7df5a20069065f76a71f76bfb588e586b7", size = 16216845 },
    { url = "https://files.pythonhosted.org/packages/db/a7/c804661d7bc83e02530099c69c4d5128f2b08dee39781ad8dd43dadac324/pyturso-0.6.1-cp311-cp311-manylinux_2_17_x86_64.manylinux2014_x86_64.whl", hash = "sha256:386b18e1342924c2d892dc43d03644a320b96aed45630247df892482d1808b85", size = 16349060 },
    { url = "https://files.pythonhosted.org/packages/87/41/e0fa9fb527759028df080953a276b89811cd3e1ccf5275901caeb7d132c4/pyturso-0.6.1-cp312-cp312-macosx_10_12_x86_64.whl", hash = "sha256:b9e0c693b49ff733f7cb77518b21c3794a67955d6bd1d632a6abdd4b5eb0816f", size = 5901914 },
    { url = "https://files.pythonhosted.org/packages/99/9f/5aab0366e7f43d9069488d771597f631264dd3ab52c224306440fb11b6b8/pyturso-0.6.1-cp312-cp312-macosx_11_0_arm64.whl", hash = "sha256:99dcf2a0914776abdfacad213a9bf279999bbc3b58935d10db0258e5d2082dbc", size = 5187249 },
    { url = "https://files.pythonhosted.org/packages/22/5c/7c63e78258686f700526504786f49af9ed58d4804c6e0f0560cea559199c/pyturso-0.6.1-cp312-cp312-manylinux_2_17_aarch64.manylinux2014_aarch64.whl", hash = "sha256:c93f389c5639b1758fbfec924d9d0950869915924bb1280f1db1da40e625fdab", size = 16232544 },
    { url = "https://files.pythonhosted.org/packages/7a/42/55a2f42709f7b2d99025b83db163c1ca1aceebf7ad6d7e8ec6343e583c3b/pyturso-0.6.1-cp312-cp312-manylinux_2_17_x86_64.manylinux2014_x86_64.whl", hash = "sha256:013638e8ba1f7bd56efe7d6c01e5c271631c27463392f9f243292ece81efa3f0", size = 16362706 },
    { url = "https://files.pythonhosted.org/packages/85/1d/fa6963dd4d2b23a2b2d07e12b0a87e0df417770a16b8c66826c19b601961/pyturso-0.6.1-cp313-cp313-macosx_10_12_x86_64.whl", hash = "sha256:847d13b91ad502b401bf7a23536d441197fd82c16010327954e453044032e8ec", size = 5901619 },
    { url = "https://files.pythonhosted.org/packages/15/95/456c8ffed65a6a964e1ca6880a244588db4729f0c79abe42c037d5c40d4a/pyturso-0.6.1-cp313-cp313-macosx_11_0_arm64.whl", hash = "sha256:be94ba46332d2a7f01f4c29dfa30f472f51f893c828ee3af794190c630dea157", size = 5186429 },
    { url = "https://files.pythonhosted.org/packages/e1/a4/045ccaff725e5d3f3d78265ac56ff11cab793adc2ccdbfb441d96e534f81/pyturso-0.6.1-cp313-cp313-manylinux_2_17_aarch64.manylinux2014_aarch64.whl", hash = "sha256:d76b1cb2afef9bd785ebdaa6d04f43f500eac0c7648e62514ac52b0c545ec1b6", size = 16232575 },
    { url = "https://files.pythonhosted.org/packages/00/04/ad7c9529273d664cf059dd6ad80b507b32caa7d2bcbe06da6d0264653108/pyturso-0.6.1-cp313-cp313-manylinux_2_17_x86_64.manylinux2014_x86_64.whl", hash = "sha256:a93a304eb883a66fd82411f68943c427f18c26264a3d009d92b0ee639ea7f811", size = 16361020 },
    { url = "https://files.pythonhosted.org/packages/0a/28/e6f0cf37cc53a45681556f91f17a5f7dd15737f02375a317bdb0a831c016/pyturso-0.6.1-cp314-cp314-macosx_10_12_x86_64.whl", hash = "sha256:964890a6280b3e67a84ab24479fac0342b99caa23c52a75ff1e84279b557467f", size = 5899806 },
    { url = "https://files.pythonhosted.org/packages/59/29/cc52192523e07243dd60f9fed650f83c5c23229d5f8dfb0a79e6f50af2d1/pyturso-0.6.1-cp314-cp314-macosx_11_0_arm64.whl", hash = "sha256:e16cd6af73251cd7d00b0c1f10139f526160a3d7bbf2ff89d2f03e81e3964f2f", size = 5184871 },
    { url = "https://files.pythonhosted.org/packages/ac/7b/eaf87196515be9cbe808bfb178db570d4e051a397eedb50ebebb7d051e73/pyturso-0.6.1-cp314-cp314-manylinux_2_17_aarch64.manylinux2014_aarch64.whl", hash = "sha256:72cff3ea527e674668db9321f618e65078579c4f423892243d7d079d1b318332", size = 16220304 },
    { url = "https://files.pythonhosted.org/packages/b6/fc/b3aab38ebee7b51fcc9ec5c7482eba187b761cb8b57e858705ca8c5c59f6/pyturso-0.6.1-cp314-cp314-manylinux_2_17_x86_64.manylinux2014_x86_64.whl", hash = "sha256:466d92918a8e8a991f6433ba366d7b630a4ddcc2ec3c9b003629636e18ef611b", size = 16352139 },
    { url = "https://files.pythonhosted.org/packages/0e/0e/3188b222e4970035fffdc2a23160df722bd09d166466ffbae040c70ba92d/pyturso-0.6.1-cp315-cp315-manylinux_2_17_aarch64.manylinux2014_aarch64.whl", hash = "sha256:a2baeba246b765ba77639212cc16f42b655ac5c6468d04eecd61051fe7b20f78", size = 16220304 },
    { url = "https://files.pythonhosted.org/packages/d8/2c/4a6b9e9cba933e721ac4eed6b6c91791fea3f778af4b18fce191255b0dbe/pyturso-0.6.1-cp315-cp315-manylinux_2_17_x86_64.manylinux2014_x86_64.whl", hash = "sha256:12aaa3b4eacf6d00393c7b691a4e1440cd08b6de9ef57e956c30ce05482bde5a", size = 16352140 },
    { url = "https://files.pythonhosted.org/packages/68/37/821e12255e9aedd1acdc2aaca540fc9b3b6c799e683f966c26177a2df90d/pyturso-0.6.1-pp311-pypy311_pp73-manylinux_2_17_aarch64.manylinux2014_aarch64.whl", hash = "sha256:2ce4f5e41da42d05dc3b1c5ef360530886b9192120986c2f6930ef6ffc4358a5", size = 16213804 },
    { url = "https://files.pythonhosted.org/packages/77/ed/8928ad781f01627e98acf775bf2da312cac38860b8976b5984851f805ab6/pyturso-0.6.1-pp311-pypy311_pp73-manylinux_2_17_x86_64.manylinux2014_x86_64.whl", hash = "sha256:006648939bee3f2794c76128e2b57e36abedf79971a0909b0a3c59ac87a64514", size = 16340889 },
]

[[package]]
name = "turso-features-check"
version = "0.0.1"
source = { virtual = "." }
dependencies = [
    { name = "pyturso" },
]

[package.metadata]
requires-dist = [{ name = "pyturso" }]

[[package]]
name = "typing-extensions"
version = "4.15.0"
source = { registry = "https://pypi.org/simple" }
sdist = { url = "https://files.pythonhosted.org/packages/72/94/1a15dd82efb362ac84269196e94cf00f187f7ed21c242792a923cdb1c61f/typing_extensions-4.15.0.tar.gz", hash = "sha256:0cea48d173cc12fa28ecabc3b837ea3cf6f38c6d1136f85cbaaf598984861466", size = 109391 }
wheels = [
    { url = "https://files.pythonhosted.org/packages/18/67/36e9267722cc04a6b9f15c7f3441c2363321a3ea07da7ae0c0707beb2a9c/typing_extensions-4.15.0-py3-none-any.whl", hash = "sha256:f0fa19c6845758ab08074a0cfa8b7aecb71c999ca73d62883bc25cc018c4e548", size = 44614 },
]
